
Microsoft Visual Studio Solution File, Format Version 12.00
# Visual Studio 2012
Project("{8BC9CEB8-8B4A-11D0-8D11-00A0C91BC942}") = "highflyers-protocol", "highflyers-protocol\highflyers-protocol.vcxproj", "{35DE5161-940C-42AD-9543-7F8E0CD30557}"
EndProject
Project("{8BC9CEB8-8B4A-11D0-8D11-00A0C91BC942}") = "highflyers-protocol-generator", "highflyers-protocol-generator\highflyers-protocol-generator.vcxproj", "{A6DB03E6-D1E0-476B-A783-830D22C197D1}"
EndProject
Project("{8BC9CEB8-8B4A-11D0-8D11-00A0C91BC942}") = "highflyers-protocol-test", "highflyers-protocol-test\highflyers-protocol-test.vcxproj", "{8ADA5CE7-796E-4BE4-8C61-D733FCB752D5}"
EndProject
Global
	GlobalSection(SolutionConfigurationPlatforms) = preSolution
		Debug|Win32 = Debug|Win32
		Release|Win32 = Release|Win32
	EndGlobalSection
	GlobalSection(ProjectConfigurationPlatforms) = postSolution
		{35DE5161-940C-42AD-9543-7F8E0CD30557}.Debug|Win32.ActiveCfg = Debug|Win32
		{35DE5161-940C-42AD-9543-7F8E0CD30557}.Debug|Win32.Build.0 = Debug|Win32
		{35DE5161-940C-42AD-9543-7F8E0CD30557}.Release|Win32.ActiveCfg = Release|Win32
		{35DE5161-940C-42AD-9543-7F8E0CD30557}.Release|Win32.Build.0 = Release|Win32
		{A6DB03E6-D1E0-476B-A783-830D22C197D1}.Debug|Win32.ActiveCfg = Debug|Win32
		{A6DB03E6-D1E0-476B-A783-830D22C197D1}.Debug|Win32.Build.0 = Debug|Win32
		{A6DB03E6-D1E0-476B-A783-830D22C197D1}.Release|Win32.ActiveCfg = Release|Win32
		{A6DB03E6-D1E0-476B-A783-830D22C197D1}.Release|Win32.Build.0 = Release|Win32
		{8ADA5CE7-796E-4BE4-8C61-D733FCB752D5}.Debug|Win32.ActiveCfg = Debug|Win32
		{8ADA5CE7-796E-4BE4-8C61-D733FCB752D5}.Debug|Win32.Build.0 = Debug|Win32
		{8ADA5CE7-796E-4BE4-8C61-D733FCB752D5}.Release|Win32.ActiveCfg = Release|Win32
		{8ADA5CE7-796E-4BE4-8C61-D733FCB752D5}.Release|Win32.Build.0 = Release|Win32
	EndGlobalSection
	GlobalSection(SolutionProperties) = preSolution
		HideSolutionNode = FALSE
	EndGlobalSection
EndGlobal
