
Microsoft Visual Studio Solution File, Format Version 12.00
# Visual Studio 2012
Project("{FAE04EC0-301F-11D3-BF4B-00C04F79EFBC}") = "highflyers-protocol", "highflyers-protocol\highflyers-protocol.csproj", "{EBB700AD-54C4-4AEE-90B4-A6C074617999}"
EndProject
Project("{FAE04EC0-301F-11D3-BF4B-00C04F79EFBC}") = "highflyers-protocol-test", "highflyers-protocol-test\highflyers-protocol-test.csproj", "{F92AF33D-73D4-4CB4-A870-267AD8F685AB}"
EndProject
Project("{FAE04EC0-301F-11D3-BF4B-00C04F79EFBC}") = "highflyers-protocol-generator", "highflyers-protocol-generator\highflyers-protocol-generator.csproj", "{180F8274-24C9-417E-9120-C17A0CBEF180}"
EndProject
Project("{2857B73E-F847-4B02-9238-064979017E93}") = "highflyers-protocol-c", "highflyers-protocol-c\highflyers-protocol-c.cproj", "{08301ACC-1B00-4A5F-83CC-2E18E180F62A}"
EndProject
Global
	GlobalSection(SolutionConfigurationPlatforms) = preSolution
		Debug|Any CPU = Debug|Any CPU
		Release|Any CPU = Release|Any CPU
	EndGlobalSection
	GlobalSection(ProjectConfigurationPlatforms) = postSolution
		{08301ACC-1B00-4A5F-83CC-2E18E180F62A}.Debug|Any CPU.ActiveCfg = Debug|Any CPU
		{08301ACC-1B00-4A5F-83CC-2E18E180F62A}.Debug|Any CPU.Build.0 = Debug|Any CPU
		{08301ACC-1B00-4A5F-83CC-2E18E180F62A}.Release|Any CPU.ActiveCfg = Release|Any CPU
		{08301ACC-1B00-4A5F-83CC-2E18E180F62A}.Release|Any CPU.Build.0 = Release|Any CPU
		{180F8274-24C9-417E-9120-C17A0CBEF180}.Debug|Any CPU.ActiveCfg = Debug|Any CPU
		{180F8274-24C9-417E-9120-C17A0CBEF180}.Debug|Any CPU.Build.0 = Debug|Any CPU
		{180F8274-24C9-417E-9120-C17A0CBEF180}.Release|Any CPU.ActiveCfg = Release|Any CPU
		{180F8274-24C9-417E-9120-C17A0CBEF180}.Release|Any CPU.Build.0 = Release|Any CPU
		{EBB700AD-54C4-4AEE-90B4-A6C074617999}.Debug|Any CPU.ActiveCfg = Debug|Any CPU
		{EBB700AD-54C4-4AEE-90B4-A6C074617999}.Debug|Any CPU.Build.0 = Debug|Any CPU
		{EBB700AD-54C4-4AEE-90B4-A6C074617999}.Release|Any CPU.ActiveCfg = Release|Any CPU
		{EBB700AD-54C4-4AEE-90B4-A6C074617999}.Release|Any CPU.Build.0 = Release|Any CPU
		{F92AF33D-73D4-4CB4-A870-267AD8F685AB}.Debug|Any CPU.ActiveCfg = Debug|Any CPU
		{F92AF33D-73D4-4CB4-A870-267AD8F685AB}.Debug|Any CPU.Build.0 = Debug|Any CPU
		{F92AF33D-73D4-4CB4-A870-267AD8F685AB}.Release|Any CPU.ActiveCfg = Release|Any CPU
		{F92AF33D-73D4-4CB4-A870-267AD8F685AB}.Release|Any CPU.Build.0 = Release|Any CPU
	EndGlobalSection
	GlobalSection(MonoDevelopProperties) = preSolution
		StartupItem = highflyers-protocol\highflyers-protocol.csproj
	EndGlobalSection
	GlobalSection(SolutionProperties) = preSolution
		HideSolutionNode = FALSE
	EndGlobalSection
EndGlobal
